# This file was autogenerated by Stack.
# You should not edit this file by hand.
# For more information, please see the documentation at:
#   https://docs.haskellstack.org/en/stable/lock_files

packages:
- completed:
    hackage: protobuf-0.2.1.3@sha256:d8ed3c73027c6b7e7583c6a94ee1835beee8a755a875b06bbf51bc667d53ab69,3048
    pantry-tree:
      size: 986
      sha256: b23e85a7cc928c2664b4c162053fae57fa976d5a6c69806f2edbdc7fb62e109f
  original:
    hackage: protobuf-0.2.1.3
- completed:
    hackage: diskhash-0.0.4.0@sha256:a63094c8be9e9a06c2d225630cad84f973507e1b3461ff709a2e877e7e8b86c4,1282
    pantry-tree:
      size: 666
      sha256: b498f95c8c268434338691ffe72c8dd27c7e40aff0c737ac258e82ac0dc922a7
  original:
    hackage: diskhash-0.0.4.0
- completed:
    hackage: avro-0.4.7.0@sha256:22685c55833bee1dbb08e93a1cab5c866254d8c877a0c0ad667cbffa1972b9d8,12403
    pantry-tree:
      size: 6566
      sha256: 86dd3c331759e2dc56f623571e2387a82c775c7a2f246c07c6e256d578f2db56
  original:
    hackage: avro-0.4.7.0
- completed:
    subdir: hanalytics-avro
    name: hanalytics-avro
    version: 0.1.0.0
    git: https://github.com/quyse/hanalytics.git
    pantry-tree:
      size: 178
      sha256: aa06a9a0f7432be35128f7f7b395986fc1b98430f39439ed3d3c1fc45d687b91
    commit: dbe294c4c1524268683764c3cd3ec947105359c9
  original:
    subdir: hanalytics-avro
    git: https://github.com/quyse/hanalytics.git
    commit: dbe294c4c1524268683764c3cd3ec947105359c9
- completed:
    subdir: hanalytics-base
    name: hanalytics-base
    version: 0.1.0.0
    git: https://github.com/quyse/hanalytics.git
    pantry-tree:
      size: 173
      sha256: 04e16388aa9f92122a5e13add2548f319240eab27b3cfb4cd0784f9edb4a2ecd
    commit: dbe294c4c1524268683764c3cd3ec947105359c9
  original:
    subdir: hanalytics-base
    git: https://github.com/quyse/hanalytics.git
    commit: dbe294c4c1524268683764c3cd3ec947105359c9
- completed:
    subdir: hanalytics-bigquery
    name: hanalytics-bigquery
    version: 0.1.0.0
    git: https://github.com/quyse/hanalytics.git
    pantry-tree:
      size: 186
      sha256: e91df7bc379ad8f2021acd820ef7e97344a00983a76226261b1633cec862113f
    commit: dbe294c4c1524268683764c3cd3ec947105359c9
  original:
    subdir: hanalytics-bigquery
    git: https://github.com/quyse/hanalytics.git
    commit: dbe294c4c1524268683764c3cd3ec947105359c9
- completed:
    subdir: hanalytics-postgres
    name: hanalytics-postgres
    version: 0.1.0.0
    git: https://github.com/quyse/hanalytics.git
    pantry-tree:
      size: 186
      sha256: 2e3687e2fd014df31eeaa39d5aad8c0808d808d011c5579eca28d3c5c1b97958
    commit: dbe294c4c1524268683764c3cd3ec947105359c9
  original:
    subdir: hanalytics-postgres
    git: https://github.com/quyse/hanalytics.git
    commit: dbe294c4c1524268683764c3cd3ec947105359c9
snapshots:
- completed:
    size: 532832
    url: https://raw.githubusercontent.com/commercialhaskell/stackage-snapshots/master/lts/16/23.yaml
    sha256: fbb2a0519008533924c7753bd7164ddd1009f09504eb06674acad6049b46db09
  original: lts-16.23
